Microsoft Visual Studio Solution File, Format Version 11.00
# Visual Studio 2008

Project("{EC5A0859-0D68-CB62-84EF-96708BB2C42A}") = "VERTICAL SLICE V_1.5", "Assembly-CSharp.csproj", "{B17D45C2-E3A2-779D-5466-42A942608F05}"
EndProject
Project("{EC5A0859-0D68-CB62-84EF-96708BB2C42A}") = "VERTICAL SLICE V_1.5", "Assembly-UnityScript-firstpass.unityproj", "{733DABB6-89AB-0D66-14C2-0592A072B9CD}"
EndProject
Global
	GlobalSection(SolutionConfigurationPlatforms) = preSolution
		Debug|Any CPU = Debug|Any CPU
		Release|Any CPU = Release|Any CPU
	EndGlobalSection
	GlobalSection(ProjectConfigurationPlatforms) = postSolution
		{B17D45C2-E3A2-779D-5466-42A942608F05}.Debug|Any CPU.ActiveCfg = Debug|Any CPU
		{B17D45C2-E3A2-779D-5466-42A942608F05}.Debug|Any CPU.Build.0 = Debug|Any CPU
		{B17D45C2-E3A2-779D-5466-42A942608F05}.Release|Any CPU.ActiveCfg = Release|Any CPU
		{B17D45C2-E3A2-779D-5466-42A942608F05}.Release|Any CPU.Build.0 = Release|Any CPU
		{733DABB6-89AB-0D66-14C2-0592A072B9CD}.Debug|Any CPU.ActiveCfg = Debug|Any CPU
		{733DABB6-89AB-0D66-14C2-0592A072B9CD}.Debug|Any CPU.Build.0 = Debug|Any CPU
		{733DABB6-89AB-0D66-14C2-0592A072B9CD}.Release|Any CPU.ActiveCfg = Release|Any CPU
		{733DABB6-89AB-0D66-14C2-0592A072B9CD}.Release|Any CPU.Build.0 = Release|Any CPU
	EndGlobalSection
	GlobalSection(SolutionProperties) = preSolution
		HideSolutionNode = FALSE
	EndGlobalSection
																																	GlobalSection(MonoDevelopProperties) = preSolution
		StartupItem = Assembly-CSharp.csproj
		Policies = $0
		$0.TextStylePolicy = $1
		$1.FileWidth = 120
		$1.RemoveTrailingWhitespace = True
		$1.EolMarker = Unix
		$1.inheritsSet = VisualStudio
		$1.inheritsScope = text/plain
		$1.scope = text/x-csharp
		$0.CSharpFormattingPolicy = $2
		$2.inheritsSet = Mono
		$2.inheritsScope = text/x-csharp
		$2.scope = text/x-csharp
		$0.TextStylePolicy = $3
		$3.FileWidth = 120
		$3.TabWidth = 4
		$3.EolMarker = Unix
		$3.inheritsSet = Mono
		$3.inheritsScope = text/plain
		$3.scope = text/plain
	EndGlobalSection

EndGlobal
